
Microsoft Visual Studio Solution File, Format Version 12.00
# Visual Studio 15
VisualStudioVersion = 15.0.28307.572
MinimumVisualStudioVersion = 10.0.40219.1
Project("{FAE04EC0-301F-11D3-BF4B-00C04F79EFBC}") = "Elements", "Elements\Elements.csproj", "{10698F12-919F-4B9E-91C9-6BC2DFA04BF4}"
EndProject
Project("{FAE04EC0-301F-11D3-BF4B-00C04F79EFBC}") = "ElementTesting", "ElementTesting\ElementTesting.csproj", "{7DC09682-1902-4F19-8C56-6C5A2BF31124}"
EndProject
Project("{FAE04EC0-301F-11D3-BF4B-00C04F79EFBC}") = "ElementTestRealtime", "ElementTestRealtime\ElementTestRealtime.csproj", "{C5605A4D-D7DE-43EA-A7B3-B3B9382F5680}"
EndProject
Global
	GlobalSection(SolutionConfigurationPlatforms) = preSolution
		Debug|Any CPU = Debug|Any CPU
		Release|Any CPU = Release|Any CPU
	EndGlobalSection
	GlobalSection(ProjectConfigurationPlatforms) = postSolution
		{10698F12-919F-4B9E-91C9-6BC2DFA04BF4}.Debug|Any CPU.ActiveCfg = Debug|Any CPU
		{10698F12-919F-4B9E-91C9-6BC2DFA04BF4}.Debug|Any CPU.Build.0 = Debug|Any CPU
		{10698F12-919F-4B9E-91C9-6BC2DFA04BF4}.Release|Any CPU.ActiveCfg = Release|Any CPU
		{10698F12-919F-4B9E-91C9-6BC2DFA04BF4}.Release|Any CPU.Build.0 = Release|Any CPU
		{7DC09682-1902-4F19-8C56-6C5A2BF31124}.Debug|Any CPU.ActiveCfg = Debug|Any CPU
		{7DC09682-1902-4F19-8C56-6C5A2BF31124}.Debug|Any CPU.Build.0 = Debug|Any CPU
		{7DC09682-1902-4F19-8C56-6C5A2BF31124}.Release|Any CPU.ActiveCfg = Release|Any CPU
		{7DC09682-1902-4F19-8C56-6C5A2BF31124}.Release|Any CPU.Build.0 = Release|Any CPU
		{C5605A4D-D7DE-43EA-A7B3-B3B9382F5680}.Debug|Any CPU.ActiveCfg = Debug|Any CPU
		{C5605A4D-D7DE-43EA-A7B3-B3B9382F5680}.Debug|Any CPU.Build.0 = Debug|Any CPU
		{C5605A4D-D7DE-43EA-A7B3-B3B9382F5680}.Release|Any CPU.ActiveCfg = Release|Any CPU
		{C5605A4D-D7DE-43EA-A7B3-B3B9382F5680}.Release|Any CPU.Build.0 = Release|Any CPU
	EndGlobalSection
	GlobalSection(SolutionProperties) = preSolution
		HideSolutionNode = FALSE
	EndGlobalSection
	GlobalSection(ExtensibilityGlobals) = postSolution
		SolutionGuid = {56A2A47D-629B-42EF-B9E9-62FC3A6C96FA}
	EndGlobalSection
EndGlobal
