
Microsoft Visual Studio Solution File, Format Version 12.00
# Visual Studio 15
VisualStudioVersion = 15.0.28307.421
MinimumVisualStudioVersion = 10.0.40219.1
Project("{FAE04EC0-301F-11D3-BF4B-00C04F79EFBC}") = "Elements", "Elements\Elements.csproj", "{55182174-BE13-4388-BD54-4DA893C96DC2}"
EndProject
Project("{FAE04EC0-301F-11D3-BF4B-00C04F79EFBC}") = "ElementTesting", "ConsoleApp1\ElementTesting.csproj", "{F403280C-DEED-4F2A-99CC-9750E1304327}"
EndProject
Global
	GlobalSection(SolutionConfigurationPlatforms) = preSolution
		Debug|Any CPU = Debug|Any CPU
		Release|Any CPU = Release|Any CPU
	EndGlobalSection
	GlobalSection(ProjectConfigurationPlatforms) = postSolution
		{55182174-BE13-4388-BD54-4DA893C96DC2}.Debug|Any CPU.ActiveCfg = Debug|Any CPU
		{55182174-BE13-4388-BD54-4DA893C96DC2}.Debug|Any CPU.Build.0 = Debug|Any CPU
		{55182174-BE13-4388-BD54-4DA893C96DC2}.Release|Any CPU.ActiveCfg = Release|Any CPU
		{55182174-BE13-4388-BD54-4DA893C96DC2}.Release|Any CPU.Build.0 = Release|Any CPU
		{F403280C-DEED-4F2A-99CC-9750E1304327}.Debug|Any CPU.ActiveCfg = Debug|Any CPU
		{F403280C-DEED-4F2A-99CC-9750E1304327}.Debug|Any CPU.Build.0 = Debug|Any CPU
		{F403280C-DEED-4F2A-99CC-9750E1304327}.Release|Any CPU.ActiveCfg = Release|Any CPU
		{F403280C-DEED-4F2A-99CC-9750E1304327}.Release|Any CPU.Build.0 = Release|Any CPU
	EndGlobalSection
	GlobalSection(SolutionProperties) = preSolution
		HideSolutionNode = FALSE
	EndGlobalSection
	GlobalSection(ExtensibilityGlobals) = postSolution
		SolutionGuid = {6D41C4FE-5EFB-4E15-95DF-E55D1AEF910B}
	EndGlobalSection
EndGlobal
